
Microsoft Visual Studio Solution File, Format Version 12.00
Project("{FAE04EC0-301F-11D3-BF4B-00C04F79EFBC}") = "Incrementor.Console", "Incrementor.Console\Incrementor.Console.csproj", "{ED6E2104-CA9F-41EA-ABFE-726DC92503C3}"
EndProject
Project("{FAE04EC0-301F-11D3-BF4B-00C04F79EFBC}") = "Incrementor.Logic", "Incrementor.Logic\Incrementor.Logic.csproj", "{347FCF7D-B6A6-4A4C-8238-5438A5321A6A}"
EndProject
Global
	GlobalSection(SolutionConfigurationPlatforms) = preSolution
		Debug|Any CPU = Debug|Any CPU
		Release|Any CPU = Release|Any CPU
	EndGlobalSection
	GlobalSection(ProjectConfigurationPlatforms) = postSolution
		{ED6E2104-CA9F-41EA-ABFE-726DC92503C3}.Debug|Any CPU.ActiveCfg = Debug|Any CPU
		{ED6E2104-CA9F-41EA-ABFE-726DC92503C3}.Debug|Any CPU.Build.0 = Debug|Any CPU
		{ED6E2104-CA9F-41EA-ABFE-726DC92503C3}.Release|Any CPU.ActiveCfg = Release|Any CPU
		{ED6E2104-CA9F-41EA-ABFE-726DC92503C3}.Release|Any CPU.Build.0 = Release|Any CPU
		{347FCF7D-B6A6-4A4C-8238-5438A5321A6A}.Debug|Any CPU.ActiveCfg = Debug|Any CPU
		{347FCF7D-B6A6-4A4C-8238-5438A5321A6A}.Debug|Any CPU.Build.0 = Debug|Any CPU
		{347FCF7D-B6A6-4A4C-8238-5438A5321A6A}.Release|Any CPU.ActiveCfg = Release|Any CPU
		{347FCF7D-B6A6-4A4C-8238-5438A5321A6A}.Release|Any CPU.Build.0 = Release|Any CPU
	EndGlobalSection
EndGlobal
